
Microsoft Visual Studio Solution File, Format Version 12.00
# Visual Studio 15
VisualStudioVersion = 15.0.28307.168
MinimumVisualStudioVersion = 10.0.40219.1
Project("{FAE04EC0-301F-11D3-BF4B-00C04F79EFBC}") = "machinekey-hash", "machinekey-hash\machinekey-hash.csproj", "{3A112135-39D6-4D06-AC72-957C8F1816F4}"
EndProject
Global
	GlobalSection(SolutionConfigurationPlatforms) = preSolution
		Debug|Any CPU = Debug|Any CPU
		Release|Any CPU = Release|Any CPU
	EndGlobalSection
	GlobalSection(ProjectConfigurationPlatforms) = postSolution
		{3A112135-39D6-4D06-AC72-957C8F1816F4}.Debug|Any CPU.ActiveCfg = Debug|Any CPU
		{3A112135-39D6-4D06-AC72-957C8F1816F4}.Debug|Any CPU.Build.0 = Debug|Any CPU
		{3A112135-39D6-4D06-AC72-957C8F1816F4}.Release|Any CPU.ActiveCfg = Release|Any CPU
		{3A112135-39D6-4D06-AC72-957C8F1816F4}.Release|Any CPU.Build.0 = Release|Any CPU
	EndGlobalSection
	GlobalSection(SolutionProperties) = preSolution
		HideSolutionNode = FALSE
	EndGlobalSection
	GlobalSection(ExtensibilityGlobals) = postSolution
		SolutionGuid = {0EA48B4C-29F6-4EAA-AAD2-0E44A1FA0952}
	EndGlobalSection
EndGlobal
